
Microsoft Visual Studio Solution File, Format Version 12.00
# Visual Studio Version 17
VisualStudioVersion = 17.6.33829.357
MinimumVisualStudioVersion = 10.0.40219.1
Project("{FAE04EC0-301F-11D3-BF4B-00C04F79EFBC}") = "input", "input\input.csproj", "{9E20074F-DFF6-40A4-8997-CB28375F8E8E}"
EndProject
Global
	GlobalSection(SolutionConfigurationPlatforms) = preSolution
		Debug|Any CPU = Debug|Any CPU
		Release|Any CPU = Release|Any CPU
	EndGlobalSection
	GlobalSection(ProjectConfigurationPlatforms) = postSolution
		{9E20074F-DFF6-40A4-8997-CB28375F8E8E}.Debug|Any CPU.ActiveCfg = Debug|Any CPU
		{9E20074F-DFF6-40A4-8997-CB28375F8E8E}.Debug|Any CPU.Build.0 = Debug|Any CPU
		{9E20074F-DFF6-40A4-8997-CB28375F8E8E}.Release|Any CPU.ActiveCfg = Release|Any CPU
		{9E20074F-DFF6-40A4-8997-CB28375F8E8E}.Release|Any CPU.Build.0 = Release|Any CPU
	EndGlobalSection
	GlobalSection(SolutionProperties) = preSolution
		HideSolutionNode = FALSE
	EndGlobalSection
	GlobalSection(ExtensibilityGlobals) = postSolution
		SolutionGuid = {CD1C9FC5-91B0-4CCA-A66B-E52E0285F455}
	EndGlobalSection
EndGlobal
