
Microsoft Visual Studio Solution File, Format Version 12.00
# Visual Studio Version 17
VisualStudioVersion = 17.6.33829.357
MinimumVisualStudioVersion = 10.0.40219.1
Project("{FAE04EC0-301F-11D3-BF4B-00C04F79EFBC}") = "arrayloops", "arrayloops\arrayloops.csproj", "{30082A7E-E412-4DE6-A235-F05050F2AFAB}"
EndProject
Global
	GlobalSection(SolutionConfigurationPlatforms) = preSolution
		Debug|Any CPU = Debug|Any CPU
		Release|Any CPU = Release|Any CPU
	EndGlobalSection
	GlobalSection(ProjectConfigurationPlatforms) = postSolution
		{30082A7E-E412-4DE6-A235-F05050F2AFAB}.Debug|Any CPU.ActiveCfg = Debug|Any CPU
		{30082A7E-E412-4DE6-A235-F05050F2AFAB}.Debug|Any CPU.Build.0 = Debug|Any CPU
		{30082A7E-E412-4DE6-A235-F05050F2AFAB}.Release|Any CPU.ActiveCfg = Release|Any CPU
		{30082A7E-E412-4DE6-A235-F05050F2AFAB}.Release|Any CPU.Build.0 = Release|Any CPU
	EndGlobalSection
	GlobalSection(SolutionProperties) = preSolution
		HideSolutionNode = FALSE
	EndGlobalSection
	GlobalSection(ExtensibilityGlobals) = postSolution
		SolutionGuid = {7C953538-7116-4A7F-8EEE-A8CC2219EC2D}
	EndGlobalSection
EndGlobal
