
Microsoft Visual Studio Solution File, Format Version 12.00
# Visual Studio Version 17
VisualStudioVersion = 17.6.33829.357
MinimumVisualStudioVersion = 10.0.40219.1
Project("{FAE04EC0-301F-11D3-BF4B-00C04F79EFBC}") = "oroperator", "oroperator\oroperator.csproj", "{76B391CE-79CA-4339-B468-E4B7BB4B276E}"
EndProject
Global
	GlobalSection(SolutionConfigurationPlatforms) = preSolution
		Debug|Any CPU = Debug|Any CPU
		Release|Any CPU = Release|Any CPU
	EndGlobalSection
	GlobalSection(ProjectConfigurationPlatforms) = postSolution
		{76B391CE-79CA-4339-B468-E4B7BB4B276E}.Debug|Any CPU.ActiveCfg = Debug|Any CPU
		{76B391CE-79CA-4339-B468-E4B7BB4B276E}.Debug|Any CPU.Build.0 = Debug|Any CPU
		{76B391CE-79CA-4339-B468-E4B7BB4B276E}.Release|Any CPU.ActiveCfg = Release|Any CPU
		{76B391CE-79CA-4339-B468-E4B7BB4B276E}.Release|Any CPU.Build.0 = Release|Any CPU
	EndGlobalSection
	GlobalSection(SolutionProperties) = preSolution
		HideSolutionNode = FALSE
	EndGlobalSection
	GlobalSection(ExtensibilityGlobals) = postSolution
		SolutionGuid = {324DEAF2-758D-4387-A473-F2C16334D539}
	EndGlobalSection
EndGlobal
